
Microsoft Visual Studio Solution File, Format Version 12.00
# Visual Studio Version 17
VisualStudioVersion = 17.1.32421.90
MinimumVisualStudioVersion = 10.0.40219.1
Project("{FAE04EC0-301F-11D3-BF4B-00C04F79EFBC}") = "DaireCizme", "DaireCizme\DaireCizme.csproj", "{CAA1032F-EA08-4116-9FCF-C0B0B40FA832}"
EndProject
Global
	GlobalSection(SolutionConfigurationPlatforms) = preSolution
		Debug|Any CPU = Debug|Any CPU
		Release|Any CPU = Release|Any CPU
	EndGlobalSection
	GlobalSection(ProjectConfigurationPlatforms) = postSolution
		{CAA1032F-EA08-4116-9FCF-C0B0B40FA832}.Debug|Any CPU.ActiveCfg = Debug|Any CPU
		{CAA1032F-EA08-4116-9FCF-C0B0B40FA832}.Debug|Any CPU.Build.0 = Debug|Any CPU
		{CAA1032F-EA08-4116-9FCF-C0B0B40FA832}.Release|Any CPU.ActiveCfg = Release|Any CPU
		{CAA1032F-EA08-4116-9FCF-C0B0B40FA832}.Release|Any CPU.Build.0 = Release|Any CPU
	EndGlobalSection
	GlobalSection(SolutionProperties) = preSolution
		HideSolutionNode = FALSE
	EndGlobalSection
	GlobalSection(ExtensibilityGlobals) = postSolution
		SolutionGuid = {0EC18C21-8096-4347-A45C-EBDA0EC20FF6}
	EndGlobalSection
EndGlobal
