
Microsoft Visual Studio Solution File, Format Version 12.00
# Visual Studio Version 17
VisualStudioVersion = 17.1.32421.90
MinimumVisualStudioVersion = 10.0.40219.1
Project("{FAE04EC0-301F-11D3-BF4B-00C04F79EFBC}") = "UcgenCizme", "UcgenCizme\UcgenCizme.csproj", "{26BA59FD-49BD-40F1-8C70-336AC607DACC}"
EndProject
Global
	GlobalSection(SolutionConfigurationPlatforms) = preSolution
		Debug|Any CPU = Debug|Any CPU
		Release|Any CPU = Release|Any CPU
	EndGlobalSection
	GlobalSection(ProjectConfigurationPlatforms) = postSolution
		{26BA59FD-49BD-40F1-8C70-336AC607DACC}.Debug|Any CPU.ActiveCfg = Debug|Any CPU
		{26BA59FD-49BD-40F1-8C70-336AC607DACC}.Debug|Any CPU.Build.0 = Debug|Any CPU
		{26BA59FD-49BD-40F1-8C70-336AC607DACC}.Release|Any CPU.ActiveCfg = Release|Any CPU
		{26BA59FD-49BD-40F1-8C70-336AC607DACC}.Release|Any CPU.Build.0 = Release|Any CPU
	EndGlobalSection
	GlobalSection(SolutionProperties) = preSolution
		HideSolutionNode = FALSE
	EndGlobalSection
	GlobalSection(ExtensibilityGlobals) = postSolution
		SolutionGuid = {6B0C9F33-7C62-4968-8F92-727E85780685}
	EndGlobalSection
EndGlobal
